
Microsoft Visual Studio Solution File, Format Version 12.00
# Visual Studio Version 17
VisualStudioVersion = 17.13.35919.96 d17.13
MinimumVisualStudioVersion = 10.0.40219.1
Project("{FAE04EC0-301F-11D3-BF4B-00C04F79EFBC}") = "Model", "Model\Model.csproj", "{758D86B4-5F39-49B1-B95B-F2C95DFE8AE7}"
EndProject
Project("{FAE04EC0-301F-11D3-BF4B-00C04F79EFBC}") = "Business Logic", "Business Logic\Business Logic.csproj", "{7160EFAF-79CB-4C5D-9C3F-D742B2707A58}"
EndProject
Project("{FAE04EC0-301F-11D3-BF4B-00C04F79EFBC}") = "Console View", "Console View\Console View.csproj", "{A3AB7DCF-EB9A-4B96-B1A6-A20448802572}"
EndProject
Project("{FAE04EC0-301F-11D3-BF4B-00C04F79EFBC}") = "WinForms View", "WinForms View\WinForms View.csproj", "{F26CFF76-C69F-48F8-AC1D-BD4AAD1EEC71}"
EndProject
Global
	GlobalSection(SolutionConfigurationPlatforms) = preSolution
		Debug|Any CPU = Debug|Any CPU
		Release|Any CPU = Release|Any CPU
	EndGlobalSection
	GlobalSection(ProjectConfigurationPlatforms) = postSolution
		{758D86B4-5F39-49B1-B95B-F2C95DFE8AE7}.Debug|Any CPU.ActiveCfg = Debug|Any CPU
		{758D86B4-5F39-49B1-B95B-F2C95DFE8AE7}.Debug|Any CPU.Build.0 = Debug|Any CPU
		{758D86B4-5F39-49B1-B95B-F2C95DFE8AE7}.Release|Any CPU.ActiveCfg = Release|Any CPU
		{758D86B4-5F39-49B1-B95B-F2C95DFE8AE7}.Release|Any CPU.Build.0 = Release|Any CPU
		{7160EFAF-79CB-4C5D-9C3F-D742B2707A58}.Debug|Any CPU.ActiveCfg = Debug|Any CPU
		{7160EFAF-79CB-4C5D-9C3F-D742B2707A58}.Debug|Any CPU.Build.0 = Debug|Any CPU
		{7160EFAF-79CB-4C5D-9C3F-D742B2707A58}.Release|Any CPU.ActiveCfg = Release|Any CPU
		{7160EFAF-79CB-4C5D-9C3F-D742B2707A58}.Release|Any CPU.Build.0 = Release|Any CPU
		{A3AB7DCF-EB9A-4B96-B1A6-A20448802572}.Debug|Any CPU.ActiveCfg = Debug|Any CPU
		{A3AB7DCF-EB9A-4B96-B1A6-A20448802572}.Debug|Any CPU.Build.0 = Debug|Any CPU
		{A3AB7DCF-EB9A-4B96-B1A6-A20448802572}.Release|Any CPU.ActiveCfg = Release|Any CPU
		{A3AB7DCF-EB9A-4B96-B1A6-A20448802572}.Release|Any CPU.Build.0 = Release|Any CPU
		{F26CFF76-C69F-48F8-AC1D-BD4AAD1EEC71}.Debug|Any CPU.ActiveCfg = Debug|Any CPU
		{F26CFF76-C69F-48F8-AC1D-BD4AAD1EEC71}.Debug|Any CPU.Build.0 = Debug|Any CPU
		{F26CFF76-C69F-48F8-AC1D-BD4AAD1EEC71}.Release|Any CPU.ActiveCfg = Release|Any CPU
		{F26CFF76-C69F-48F8-AC1D-BD4AAD1EEC71}.Release|Any CPU.Build.0 = Release|Any CPU
	EndGlobalSection
	GlobalSection(SolutionProperties) = preSolution
		HideSolutionNode = FALSE
	EndGlobalSection
	GlobalSection(ExtensibilityGlobals) = postSolution
		SolutionGuid = {9E5154C6-A4FF-4A23-B3EC-7EFB61EF25F1}
	EndGlobalSection
EndGlobal
